// !$*UTF8*$!
{
	archiveVersion = 1;
	classes = {
	};
	objectVersion = 46;
	objects = {

/* Begin PBXBuildFile section */
		8430D15BC3691444869E4B7F /* Pods_RxRelay.framework in Frameworks */ = {isa = PBXBuildFile; fileRef = CCC53560B46A01977A583561 /* Pods_RxRelay.framework */; };
		AECE859CD22E5AF6CEF9B6D9 /* Pods_RxRelayTests.framework in Frameworks */ = {isa = PBXBuildFile; fileRef = 1B56D5FEF0D80D51F48474AD /* Pods_RxRelayTests.framework */; };
		CFE091461EB368C900E9FDAD /* RxRelay.framework in Frameworks */ = {isa = PBXBuildFile; fileRef = CFE0913C1EB368C900E9FDAD /* RxRelay.framework */; };
		CFE0914B1EB368C900E9FDAD /* RxRelayTests.swift in Sources */ = {isa = PBXBuildFile; fileRef = CFE0914A1EB368C900E9FDAD /* RxRelayTests.swift */; };
		CFE0914D1EB368C900E9FDAD /* RxRelay.h in Headers */ = {isa = PBXBuildFile; fileRef = CFE0913F1EB368C900E9FDAD /* RxRelay.h */; settings = {ATTRIBUTES = (Public, ); }; };
		CFE091591EB368F000E9FDAD /* BehavoirRelay.swift in Sources */ = {isa = PBXBuildFile; fileRef = CFE091561EB368F000E9FDAD /* BehavoirRelay.swift */; };
		CFE0915A1EB368F000E9FDAD /* PublishRelay.swift in Sources */ = {isa = PBXBuildFile; fileRef = CFE091571EB368F000E9FDAD /* PublishRelay.swift */; };
		CFE0915B1EB368F000E9FDAD /* ReplayRelay.swift in Sources */ = {isa = PBXBuildFile; fileRef = CFE091581EB368F000E9FDAD /* ReplayRelay.swift */; };
		CFE0915D1EB3691500E9FDAD /* README.md in Sources */ = {isa = PBXBuildFile; fileRef = CFE0915C1EB3691500E9FDAD /* README.md */; };
/* End PBXBuildFile section */

/* Begin PBXContainerItemProxy section */
		CFE091471EB368C900E9FDAD /* PBXContainerItemProxy */ = {
			isa = PBXContainerItemProxy;
			containerPortal = CFE091331EB368C900E9FDAD /* Project object */;
			proxyType = 1;
			remoteGlobalIDString = CFE0913B1EB368C900E9FDAD;
			remoteInfo = RxRelay;
		};
/* End PBXContainerItemProxy section */

/* Begin PBXFileReference section */
		00BBB594F9C2C899C61A0B10 /* Pods-RxRelay.release.xcconfig */ = {isa = PBXFileReference; includeInIndex = 1; lastKnownFileType = text.xcconfig; name = "Pods-RxRelay.release.xcconfig"; path = "Pods/Target Support Files/Pods-RxRelay/Pods-RxRelay.release.xcconfig"; sourceTree = "<group>"; };
		1B56D5FEF0D80D51F48474AD /* Pods_RxRelayTests.framework */ = {isa = PBXFileReference; explicitFileType = wrapper.framework; includeInIndex = 0; path = Pods_RxRelayTests.framework; sourceTree = BUILT_PRODUCTS_DIR; };
		6F789E4D16D4AAB032F15152 /* Pods-RxRelayTests.release.xcconfig */ = {isa = PBXFileReference; includeInIndex = 1; lastKnownFileType = text.xcconfig; name = "Pods-RxRelayTests.release.xcconfig"; path = "Pods/Target Support Files/Pods-RxRelayTests/Pods-RxRelayTests.release.xcconfig"; sourceTree = "<group>"; };
		CCC53560B46A01977A583561 /* Pods_RxRelay.framework */ = {isa = PBXFileReference; explicitFileType = wrapper.framework; includeInIndex = 0; path = Pods_RxRelay.framework; sourceTree = BUILT_PRODUCTS_DIR; };
		CFE0913C1EB368C900E9FDAD /* RxRelay.framework */ = {isa = PBXFileReference; explicitFileType = wrapper.framework; includeInIndex = 0; path = RxRelay.framework; sourceTree = BUILT_PRODUCTS_DIR; };
		CFE0913F1EB368C900E9FDAD /* RxRelay.h */ = {isa = PBXFileReference; lastKnownFileType = sourcecode.c.h; path = RxRelay.h; sourceTree = "<group>"; };
		CFE091401EB368C900E9FDAD /* Info.plist */ = {isa = PBXFileReference; lastKnownFileType = text.plist.xml; path = Info.plist; sourceTree = "<group>"; };
		CFE091451EB368C900E9FDAD /* RxRelayTests.xctest */ = {isa = PBXFileReference; explicitFileType = wrapper.cfbundle; includeInIndex = 0; path = RxRelayTests.xctest; sourceTree = BUILT_PRODUCTS_DIR; };
		CFE0914A1EB368C900E9FDAD /* RxRelayTests.swift */ = {isa = PBXFileReference; lastKnownFileType = sourcecode.swift; path = RxRelayTests.swift; sourceTree = "<group>"; };
		CFE0914C1EB368C900E9FDAD /* Info.plist */ = {isa = PBXFileReference; lastKnownFileType = text.plist.xml; path = Info.plist; sourceTree = "<group>"; };
		CFE091561EB368F000E9FDAD /* BehavoirRelay.swift */ = {isa = PBXFileReference; fileEncoding = 4; lastKnownFileType = sourcecode.swift; path = BehavoirRelay.swift; sourceTree = "<group>"; };
		CFE091571EB368F000E9FDAD /* PublishRelay.swift */ = {isa = PBXFileReference; fileEncoding = 4; lastKnownFileType = sourcecode.swift; path = PublishRelay.swift; sourceTree = "<group>"; };
		CFE091581EB368F000E9FDAD /* ReplayRelay.swift */ = {isa = PBXFileReference; fileEncoding = 4; lastKnownFileType = sourcecode.swift; path = ReplayRelay.swift; sourceTree = "<group>"; };
		CFE0915C1EB3691500E9FDAD /* README.md */ = {isa = PBXFileReference; fileEncoding = 4; lastKnownFileType = net.daringfireball.markdown; path = README.md; sourceTree = "<group>"; };
		F669DE964D1128AFE5D77D13 /* Pods-RxRelay.debug.xcconfig */ = {isa = PBXFileReference; includeInIndex = 1; lastKnownFileType = text.xcconfig; name = "Pods-RxRelay.debug.xcconfig"; path = "Pods/Target Support Files/Pods-RxRelay/Pods-RxRelay.debug.xcconfig"; sourceTree = "<group>"; };
		FA3F64CC4EBE0A6F2EA73D4F /* Pods-RxRelayTests.debug.xcconfig */ = {isa = PBXFileReference; includeInIndex = 1; lastKnownFileType = text.xcconfig; name = "Pods-RxRelayTests.debug.xcconfig"; path = "Pods/Target Support Files/Pods-RxRelayTests/Pods-RxRelayTests.debug.xcconfig"; sourceTree = "<group>"; };
/* End PBXFileReference section */

/* Begin PBXFrameworksBuildPhase section */
		CFE091381EB368C900E9FDAD /* Frameworks */ = {
			isa = PBXFrameworksBuildPhase;
			buildActionMask = 2147483647;
			files = (
				8430D15BC3691444869E4B7F /* Pods_RxRelay.framework in Frameworks */,
			);
			runOnlyForDeploymentPostprocessing = 0;
		};
		CFE091421EB368C900E9FDAD /* Frameworks */ = {
			isa = PBXFrameworksBuildPhase;
			buildActionMask = 2147483647;
			files = (
				CFE091461EB368C900E9FDAD /* RxRelay.framework in Frameworks */,
				AECE859CD22E5AF6CEF9B6D9 /* Pods_RxRelayTests.framework in Frameworks */,
			);
			runOnlyForDeploymentPostprocessing = 0;
		};
/* End PBXFrameworksBuildPhase section */

/* Begin PBXGroup section */
		6496E4BCE7E9630B3223CEDF /* Pods */ = {
			isa = PBXGroup;
			children = (
				F669DE964D1128AFE5D77D13 /* Pods-RxRelay.debug.xcconfig */,
				00BBB594F9C2C899C61A0B10 /* Pods-RxRelay.release.xcconfig */,
				FA3F64CC4EBE0A6F2EA73D4F /* Pods-RxRelayTests.debug.xcconfig */,
				6F789E4D16D4AAB032F15152 /* Pods-RxRelayTests.release.xcconfig */,
			);
			name = Pods;
			sourceTree = "<group>";
		};
		AE6D92A6EFC6FD2CBE7C2AA8 /* Frameworks */ = {
			isa = PBXGroup;
			children = (
				CCC53560B46A01977A583561 /* Pods_RxRelay.framework */,
				1B56D5FEF0D80D51F48474AD /* Pods_RxRelayTests.framework */,
			);
			name = Frameworks;
			sourceTree = "<group>";
		};
		CFE091321EB368C900E9FDAD = {
			isa = PBXGroup;
			children = (
				CFE0915C1EB3691500E9FDAD /* README.md */,
				CFE0913E1EB368C900E9FDAD /* RxRelay */,
				CFE091491EB368C900E9FDAD /* RxRelayTests */,
				CFE0913D1EB368C900E9FDAD /* Products */,
				6496E4BCE7E9630B3223CEDF /* Pods */,
				AE6D92A6EFC6FD2CBE7C2AA8 /* Frameworks */,
			);
			sourceTree = "<group>";
		};
		CFE0913D1EB368C900E9FDAD /* Products */ = {
			isa = PBXGroup;
			children = (
				CFE0913C1EB368C900E9FDAD /* RxRelay.framework */,
				CFE091451EB368C900E9FDAD /* RxRelayTests.xctest */,
			);
			name = Products;
			sourceTree = "<group>";
		};
		CFE0913E1EB368C900E9FDAD /* RxRelay */ = {
			isa = PBXGroup;
			children = (
				CFE091561EB368F000E9FDAD /* BehavoirRelay.swift */,
				CFE091571EB368F000E9FDAD /* PublishRelay.swift */,
				CFE091581EB368F000E9FDAD /* ReplayRelay.swift */,
				CFE0913F1EB368C900E9FDAD /* RxRelay.h */,
				CFE091401EB368C900E9FDAD /* Info.plist */,
			);
			path = RxRelay;
			sourceTree = "<group>";
		};
		CFE091491EB368C900E9FDAD /* RxRelayTests */ = {
			isa = PBXGroup;
			children = (
				CFE0914A1EB368C900E9FDAD /* RxRelayTests.swift */,
				CFE0914C1EB368C900E9FDAD /* Info.plist */,
			);
			path = RxRelayTests;
			sourceTree = "<group>";
		};
/* End PBXGroup section */

/* Begin PBXHeadersBuildPhase section */
		CFE091391EB368C900E9FDAD /* Headers */ = {
			isa = PBXHeadersBuildPhase;
			buildActionMask = 2147483647;
			files = (
				CFE0914D1EB368C900E9FDAD /* RxRelay.h in Headers */,
			);
			runOnlyForDeploymentPostprocessing = 0;
		};
/* End PBXHeadersBuildPhase section */

/* Begin PBXNativeTarget section */
		CFE0913B1EB368C900E9FDAD /* RxRelay */ = {
			isa = PBXNativeTarget;
			buildConfigurationList = CFE091501EB368C900E9FDAD /* Build configuration list for PBXNativeTarget "RxRelay" */;
			buildPhases = (
				311BBB2B3C6B3B89BE63B836 /* [CP] Check Pods Manifest.lock */,
				CFE091371EB368C900E9FDAD /* Sources */,
				CFE091381EB368C900E9FDAD /* Frameworks */,
				CFE091391EB368C900E9FDAD /* Headers */,
				CFE0913A1EB368C900E9FDAD /* Resources */,
				9F0144263C645F2BBB283CC5 /* [CP] Copy Pods Resources */,
			);
			buildRules = (
			);
			dependencies = (
			);
			name = RxRelay;
			productName = RxRelay;
			productReference = CFE0913C1EB368C900E9FDAD /* RxRelay.framework */;
			productType = "com.apple.product-type.framework";
		};
		CFE091441EB368C900E9FDAD /* RxRelayTests */ = {
			isa = PBXNativeTarget;
			buildConfigurationList = CFE091531EB368C900E9FDAD /* Build configuration list for PBXNativeTarget "RxRelayTests" */;
			buildPhases = (
				812F6F7E11639F437F06E5C2 /* [CP] Check Pods Manifest.lock */,
				CFE091411EB368C900E9FDAD /* Sources */,
				CFE091421EB368C900E9FDAD /* Frameworks */,
				CFE091431EB368C900E9FDAD /* Resources */,
				07057FA1054C8D01B0D69567 /* [CP] Embed Pods Frameworks */,
				45CE9847BECB279B558E0ED1 /* [CP] Copy Pods Resources */,
			);
			buildRules = (
			);
			dependencies = (
				CFE091481EB368C900E9FDAD /* PBXTargetDependency */,
			);
			name = RxRelayTests;
			productName = RxRelayTests;
			productReference = CFE091451EB368C900E9FDAD /* RxRelayTests.xctest */;
			productType = "com.apple.product-type.bundle.unit-test";
		};
/* End PBXNativeTarget section */

/* Begin PBXProject section */
		CFE091331EB368C900E9FDAD /* Project object */ = {
			isa = PBXProject;
			attributes = {
				LastSwiftUpdateCheck = 0820;
				LastUpgradeCheck = 0820;
				ORGANIZATIONNAME = Wassim;
				TargetAttributes = {
					CFE0913B1EB368C900E9FDAD = {
						CreatedOnToolsVersion = 8.2.1;
						DevelopmentTeam = 4LQ43Y6TLH;
						LastSwiftMigration = 0820;
						ProvisioningStyle = Automatic;
					};
					CFE091441EB368C900E9FDAD = {
						CreatedOnToolsVersion = 8.2.1;
						DevelopmentTeam = 4LQ43Y6TLH;
						ProvisioningStyle = Automatic;
					};
				};
			};
			buildConfigurationList = CFE091361EB368C900E9FDAD /* Build configuration list for PBXProject "RxRelay" */;
			compatibilityVersion = "Xcode 3.2";
			developmentRegion = English;
			hasScannedForEncodings = 0;
			knownRegions = (
				en,
			);
			mainGroup = CFE091321EB368C900E9FDAD;
			productRefGroup = CFE0913D1EB368C900E9FDAD /* Products */;
			projectDirPath = "";
			projectRoot = "";
			targets = (
				CFE0913B1EB368C900E9FDAD /* RxRelay */,
				CFE091441EB368C900E9FDAD /* RxRelayTests */,
			);
		};
/* End PBXProject section */

/* Begin PBXResourcesBuildPhase section */
		CFE0913A1EB368C900E9FDAD /* Resources */ = {
			isa = PBXResourcesBuildPhase;
			buildActionMask = 2147483647;
			files = (
			);
			runOnlyForDeploymentPostprocessing = 0;
		};
		CFE091431EB368C900E9FDAD /* Resources */ = {
			isa = PBXResourcesBuildPhase;
			buildActionMask = 2147483647;
			files = (
			);
			runOnlyForDeploymentPostprocessing = 0;
		};
/* End PBXResourcesBuildPhase section */

/* Begin PBXShellScriptBuildPhase section */
		07057FA1054C8D01B0D69567 /* [CP] Embed Pods Frameworks */ = {
			isa = PBXShellScriptBuildPhase;
			buildActionMask = 2147483647;
			files = (
			);
			inputPaths = (
			);
			name = "[CP] Embed Pods Frameworks";
			outputPaths = (
			);
			runOnlyForDeploymentPostprocessing = 0;
			shellPath = /bin/sh;
			shellScript = "\"${SRCROOT}/Pods/Target Support Files/Pods-RxRelayTests/Pods-RxRelayTests-frameworks.sh\"\n";
			showEnvVarsInLog = 0;
		};
		311BBB2B3C6B3B89BE63B836 /* [CP] Check Pods Manifest.lock */ = {
			isa = PBXShellScriptBuildPhase;
			buildActionMask = 2147483647;
			files = (
			);
			inputPaths = (
			);
			name = "[CP] Check Pods Manifest.lock";
			outputPaths = (
			);
			runOnlyForDeploymentPostprocessing = 0;
			shellPath = /bin/sh;
			shellScript = "diff \"${PODS_ROOT}/../Podfile.lock\" \"${PODS_ROOT}/Manifest.lock\" > /dev/null\nif [ $? != 0 ] ; then\n    # print error to STDERR\n    echo \"error: The sandbox is not in sync with the Podfile.lock. Run 'pod install' or update your CocoaPods installation.\" >&2\n    exit 1\nfi\n";
			showEnvVarsInLog = 0;
		};
		45CE9847BECB279B558E0ED1 /* [CP] Copy Pods Resources */ = {
			isa = PBXShellScriptBuildPhase;
			buildActionMask = 2147483647;
			files = (
			);
			inputPaths = (
			);
			name = "[CP] Copy Pods Resources";
			outputPaths = (
			);
			runOnlyForDeploymentPostprocessing = 0;
			shellPath = /bin/sh;
			shellScript = "\"${SRCROOT}/Pods/Target Support Files/Pods-RxRelayTests/Pods-RxRelayTests-resources.sh\"\n";
			showEnvVarsInLog = 0;
		};
		812F6F7E11639F437F06E5C2 /* [CP] Check Pods Manifest.lock */ = {
			isa = PBXShellScriptBuildPhase;
			buildActionMask = 2147483647;
			files = (
			);
			inputPaths = (
			);
			name = "[CP] Check Pods Manifest.lock";
			outputPaths = (
			);
			runOnlyForDeploymentPostprocessing = 0;
			shellPath = /bin/sh;
			shellScript = "diff \"${PODS_ROOT}/../Podfile.lock\" \"${PODS_ROOT}/Manifest.lock\" > /dev/null\nif [ $? != 0 ] ; then\n    # print error to STDERR\n    echo \"error: The sandbox is not in sync with the Podfile.lock. Run 'pod install' or update your CocoaPods installation.\" >&2\n    exit 1\nfi\n";
			showEnvVarsInLog = 0;
		};
		9F0144263C645F2BBB283CC5 /* [CP] Copy Pods Resources */ = {
			isa = PBXShellScriptBuildPhase;
			buildActionMask = 2147483647;
			files = (
			);
			inputPaths = (
			);
			name = "[CP] Copy Pods Resources";
			outputPaths = (
			);
			runOnlyForDeploymentPostprocessing = 0;
			shellPath = /bin/sh;
			shellScript = "\"${SRCROOT}/Pods/Target Support Files/Pods-RxRelay/Pods-RxRelay-resources.sh\"\n";
			showEnvVarsInLog = 0;
		};
/* End PBXShellScriptBuildPhase section */

/* Begin PBXSourcesBuildPhase section */
		CFE091371EB368C900E9FDAD /* Sources */ = {
			isa = PBXSourcesBuildPhase;
			buildActionMask = 2147483647;
			files = (
				CFE0915B1EB368F000E9FDAD /* ReplayRelay.swift in Sources */,
				CFE091591EB368F000E9FDAD /* BehavoirRelay.swift in Sources */,
				CFE0915D1EB3691500E9FDAD /* README.md in Sources */,
				CFE0915A1EB368F000E9FDAD /* PublishRelay.swift in Sources */,
			);
			runOnlyForDeploymentPostprocessing = 0;
		};
		CFE091411EB368C900E9FDAD /* Sources */ = {
			isa = PBXSourcesBuildPhase;
			buildActionMask = 2147483647;
			files = (
				CFE0914B1EB368C900E9FDAD /* RxRelayTests.swift in Sources */,
			);
			runOnlyForDeploymentPostprocessing = 0;
		};
/* End PBXSourcesBuildPhase section */

/* Begin PBXTargetDependency section */
		CFE091481EB368C900E9FDAD /* PBXTargetDependency */ = {
			isa = PBXTargetDependency;
			target = CFE0913B1EB368C900E9FDAD /* RxRelay */;
			targetProxy = CFE091471EB368C900E9FDAD /* PBXContainerItemProxy */;
		};
/* End PBXTargetDependency section */

/* Begin XCBuildConfiguration section */
		CFE0914E1EB368C900E9FDAD /* Debug */ = {
			isa = XCBuildConfiguration;
			buildSettings = {
				ALWAYS_SEARCH_USER_PATHS = NO;
				CLANG_ANALYZER_NONNULL = YES;
				CLANG_CXX_LANGUAGE_STANDARD = "gnu++0x";
				CLANG_CXX_LIBRARY = "libc++";
				CLANG_ENABLE_MODULES = YES;
				CLANG_ENABLE_OBJC_ARC = YES;
				CLANG_WARN_BOOL_CONVERSION = YES;
				CLANG_WARN_CONSTANT_CONVERSION = YES;
				CLANG_WARN_DIRECT_OBJC_ISA_USAGE = YES_ERROR;
				CLANG_WARN_DOCUMENTATION_COMMENTS = YES;
				CLANG_WARN_EMPTY_BODY = YES;
				CLANG_WARN_ENUM_CONVERSION = YES;
				CLANG_WARN_INFINITE_RECURSION = YES;
				CLANG_WARN_INT_CONVERSION = YES;
				CLANG_WARN_OBJC_ROOT_CLASS = YES_ERROR;
				CLANG_WARN_SUSPICIOUS_MOVE = YES;
				CLANG_WARN_UNREACHABLE_CODE = YES;
				CLANG_WARN__DUPLICATE_METHOD_MATCH = YES;
				"CODE_SIGN_IDENTITY[sdk=iphoneos*]" = "iPhone Developer";
				COPY_PHASE_STRIP = NO;
				CURRENT_PROJECT_VERSION = 1;
				DEBUG_INFORMATION_FORMAT = dwarf;
				ENABLE_STRICT_OBJC_MSGSEND = YES;
				ENABLE_TESTABILITY = YES;
				GCC_C_LANGUAGE_STANDARD = gnu99;
				GCC_DYNAMIC_NO_PIC = NO;
				GCC_NO_COMMON_BLOCKS = YES;
				GCC_OPTIMIZATION_LEVEL = 0;
				GCC_PREPROCESSOR_DEFINITIONS = (
					"DEBUG=1",
					"$(inherited)",
				);
				GCC_WARN_64_TO_32_BIT_CONVERSION = YES;
				GCC_WARN_ABOUT_RETURN_TYPE = YES_ERROR;
				GCC_WARN_UNDECLARED_SELECTOR = YES;
				GCC_WARN_UNINITIALIZED_AUTOS = YES_AGGRESSIVE;
				GCC_WARN_UNUSED_FUNCTION = YES;
				GCC_WARN_UNUSED_VARIABLE = YES;
				IPHONEOS_DEPLOYMENT_TARGET = 10.2;
				MTL_ENABLE_DEBUG_INFO = YES;
				ONLY_ACTIVE_ARCH = YES;
				SDKROOT = iphoneos;
				SWIFT_ACTIVE_COMPILATION_CONDITIONS = DEBUG;
				SWIFT_OPTIMIZATION_LEVEL = "-Onone";
				TARGETED_DEVICE_FAMILY = "1,2";
				VERSIONING_SYSTEM = "apple-generic";
				VERSION_INFO_PREFIX = "";
			};
			name = Debug;
		};
		CFE0914F1EB368C900E9FDAD /* Release */ = {
			isa = XCBuildConfiguration;
			buildSettings = {
				ALWAYS_SEARCH_USER_PATHS = NO;
				CLANG_ANALYZER_NONNULL = YES;
				CLANG_CXX_LANGUAGE_STANDARD = "gnu++0x";
				CLANG_CXX_LIBRARY = "libc++";
				CLANG_ENABLE_MODULES = YES;
				CLANG_ENABLE_OBJC_ARC = YES;
				CLANG_WARN_BOOL_CONVERSION = YES;
				CLANG_WARN_CONSTANT_CONVERSION = YES;
				CLANG_WARN_DIRECT_OBJC_ISA_USAGE = YES_ERROR;
				CLANG_WARN_DOCUMENTATION_COMMENTS = YES;
				CLANG_WARN_EMPTY_BODY = YES;
				CLANG_WARN_ENUM_CONVERSION = YES;
				CLANG_WARN_INFINITE_RECURSION = YES;
				CLANG_WARN_INT_CONVERSION = YES;
				CLANG_WARN_OBJC_ROOT_CLASS = YES_ERROR;
				CLANG_WARN_SUSPICIOUS_MOVE = YES;
				CLANG_WARN_UNREACHABLE_CODE = YES;
				CLANG_WARN__DUPLICATE_METHOD_MATCH = YES;
				"CODE_SIGN_IDENTITY[sdk=iphoneos*]" = "iPhone Developer";
				COPY_PHASE_STRIP = NO;
				CURRENT_PROJECT_VERSION = 1;
				DEBUG_INFORMATION_FORMAT = "dwarf-with-dsym";
				ENABLE_NS_ASSERTIONS = NO;
				ENABLE_STRICT_OBJC_MSGSEND = YES;
				GCC_C_LANGUAGE_STANDARD = gnu99;
				GCC_NO_COMMON_BLOCKS = YES;
				GCC_WARN_64_TO_32_BIT_CONVERSION = YES;
				GCC_WARN_ABOUT_RETURN_TYPE = YES_ERROR;
				GCC_WARN_UNDECLARED_SELECTOR = YES;
				GCC_WARN_UNINITIALIZED_AUTOS = YES_AGGRESSIVE;
				GCC_WARN_UNUSED_FUNCTION = YES;
				GCC_WARN_UNUSED_VARIABLE = YES;
				IPHONEOS_DEPLOYMENT_TARGET = 10.2;
				MTL_ENABLE_DEBUG_INFO = NO;
				SDKROOT = iphoneos;
				SWIFT_OPTIMIZATION_LEVEL = "-Owholemodule";
				TARGETED_DEVICE_FAMILY = "1,2";
				VALIDATE_PRODUCT = YES;
				VERSIONING_SYSTEM = "apple-generic";
				VERSION_INFO_PREFIX = "";
			};
			name = Release;
		};
		CFE091511EB368C900E9FDAD /* Debug */ = {
			isa = XCBuildConfiguration;
			baseConfigurationReference = F669DE964D1128AFE5D77D13 /* Pods-RxRelay.debug.xcconfig */;
			buildSettings = {
				CLANG_ENABLE_MODULES = YES;
				CODE_SIGN_IDENTITY = "";
				DEFINES_MODULE = YES;
				DEVELOPMENT_TEAM = 4LQ43Y6TLH;
				DYLIB_COMPATIBILITY_VERSION = 1;
				DYLIB_CURRENT_VERSION = 1;
				DYLIB_INSTALL_NAME_BASE = "@rpath";
				FRAMEWORK_SEARCH_PATHS = (
					"$(inherited)",
					"$(PROJECT_DIR)/Carthage/Build/iOS",
				);
				INFOPLIST_FILE = RxRelay/Info.plist;
				INSTALL_PATH = "$(LOCAL_LIBRARY_DIR)/Frameworks";
				IPHONEOS_DEPLOYMENT_TARGET = 9.0;
				LD_RUNPATH_SEARCH_PATHS = "$(inherited) @executable_path/Frameworks @loader_path/Frameworks";
				PRODUCT_BUNDLE_IDENTIFIER = com.wassimseifeddine.RxRelay;
				PRODUCT_NAME = "$(TARGET_NAME)";
				SKIP_INSTALL = YES;
				SWIFT_OPTIMIZATION_LEVEL = "-Onone";
				SWIFT_VERSION = 3.0;
			};
			name = Debug;
		};
		CFE091521EB368C900E9FDAD /* Release */ = {
			isa = XCBuildConfiguration;
			baseConfigurationReference = 00BBB594F9C2C899C61A0B10 /* Pods-RxRelay.release.xcconfig */;
			buildSettings = {
				CLANG_ENABLE_MODULES = YES;
				CODE_SIGN_IDENTITY = "";
				DEFINES_MODULE = YES;
				DEVELOPMENT_TEAM = 4LQ43Y6TLH;
				DYLIB_COMPATIBILITY_VERSION = 1;
				DYLIB_CURRENT_VERSION = 1;
				DYLIB_INSTALL_NAME_BASE = "@rpath";
				FRAMEWORK_SEARCH_PATHS = (
					"$(inherited)",
					"$(PROJECT_DIR)/Carthage/Build/iOS",
				);
				INFOPLIST_FILE = RxRelay/Info.plist;
				INSTALL_PATH = "$(LOCAL_LIBRARY_DIR)/Frameworks";
				IPHONEOS_DEPLOYMENT_TARGET = 9.0;
				LD_RUNPATH_SEARCH_PATHS = "$(inherited) @executable_path/Frameworks @loader_path/Frameworks";
				PRODUCT_BUNDLE_IDENTIFIER = com.wassimseifeddine.RxRelay;
				PRODUCT_NAME = "$(TARGET_NAME)";
				SKIP_INSTALL = YES;
				SWIFT_VERSION = 3.0;
			};
			name = Release;
		};
		CFE091541EB368C900E9FDAD /* Debug */ = {
			isa = XCBuildConfiguration;
			baseConfigurationReference = FA3F64CC4EBE0A6F2EA73D4F /* Pods-RxRelayTests.debug.xcconfig */;
			buildSettings = {
				ALWAYS_EMBED_SWIFT_STANDARD_LIBRARIES = YES;
				DEVELOPMENT_TEAM = 4LQ43Y6TLH;
				INFOPLIST_FILE = RxRelayTests/Info.plist;
				LD_RUNPATH_SEARCH_PATHS = "$(inherited) @executable_path/Frameworks @loader_path/Frameworks";
				PRODUCT_BUNDLE_IDENTIFIER = com.wassimseifeddine.RxRelayTests;
				PRODUCT_NAME = "$(TARGET_NAME)";
				SWIFT_VERSION = 3.0;
			};
			name = Debug;
		};
		CFE091551EB368C900E9FDAD /* Release */ = {
			isa = XCBuildConfiguration;
			baseConfigurationReference = 6F789E4D16D4AAB032F15152 /* Pods-RxRelayTests.release.xcconfig */;
			buildSettings = {
				ALWAYS_EMBED_SWIFT_STANDARD_LIBRARIES = YES;
				DEVELOPMENT_TEAM = 4LQ43Y6TLH;
				INFOPLIST_FILE = RxRelayTests/Info.plist;
				LD_RUNPATH_SEARCH_PATHS = "$(inherited) @executable_path/Frameworks @loader_path/Frameworks";
				PRODUCT_BUNDLE_IDENTIFIER = com.wassimseifeddine.RxRelayTests;
				PRODUCT_NAME = "$(TARGET_NAME)";
				SWIFT_VERSION = 3.0;
			};
			name = Release;
		};
/* End XCBuildConfiguration section */

/* Begin XCConfigurationList section */
		CFE091361EB368C900E9FDAD /* Build configuration list for PBXProject "RxRelay" */ = {
			isa = XCConfigurationList;
			buildConfigurations = (
				CFE0914E1EB368C900E9FDAD /* Debug */,
				CFE0914F1EB368C900E9FDAD /* Release */,
			);
			defaultConfigurationIsVisible = 0;
			defaultConfigurationName = Release;
		};
		CFE091501EB368C900E9FDAD /* Build configuration list for PBXNativeTarget "RxRelay" */ = {
			isa = XCConfigurationList;
			buildConfigurations = (
				CFE091511EB368C900E9FDAD /* Debug */,
				CFE091521EB368C900E9FDAD /* Release */,
			);
			defaultConfigurationIsVisible = 0;
			defaultConfigurationName = Release;
		};
		CFE091531EB368C900E9FDAD /* Build configuration list for PBXNativeTarget "RxRelayTests" */ = {
			isa = XCConfigurationList;
			buildConfigurations = (
				CFE091541EB368C900E9FDAD /* Debug */,
				CFE091551EB368C900E9FDAD /* Release */,
			);
			defaultConfigurationIsVisible = 0;
			defaultConfigurationName = Release;
		};
/* End XCConfigurationList section */
	};
	rootObject = CFE091331EB368C900E9FDAD /* Project object */;
}
